<?xml version="1.0" encoding="UTF-8" standalone="yes" ?>
<CodeBlocks_project_file>
	<FileVersion major="1" minor="6" />
	<Project>
		<Option title="ImageLite library build" />
		<Option pch_mode="2" />
		<Option compiler="gcc" />
		<Build>
			<Target title="DebugDll64">
				<Option output="../lib/ImageLite64d" imp_lib="$(TARGET_OUTPUT_DIR)$(TARGET_OUTPUT_BASENAME).a" def_file="$(TARGET_OUTPUT_DIR)$(TARGET_OUTPUT_BASENAME).def" prefix_auto="1" extension_auto="1" />
				<Option object_output="../lib/obj/Debug/64/dll/" />
				<Option type="3" />
				<Option compiler="gcc" />
				<Option createDefFile="1" />
				<Option createStaticLib="1" />
				<Compiler>
					<Add option="-g" />
					<Add option="-D_DEBUG" />
				</Compiler>
				<Linker>
					<Add directory="../lib" />
				</Linker>
			</Target>
			<Target title="ReleaseDll64">
				<Option output="../lib/ImageLite64" imp_lib="$(TARGET_OUTPUT_DIR)$(TARGET_OUTPUT_BASENAME).a" def_file="$(TARGET_OUTPUT_DIR)$(TARGET_OUTPUT_BASENAME).def" prefix_auto="1" extension_auto="1" />
				<Option object_output="../lib/obj/Release/64/dll/" />
				<Option type="3" />
				<Option compiler="gcc" />
				<Option createDefFile="1" />
				<Option createStaticLib="1" />
				<Compiler>
					<Add option="-Ofast" />
					<Add option="-ffunction-sections" />
					<Add option="-Wl,--strip-all" />
					<Add option="-D_RELEASE" />
				</Compiler>
				<Linker>
					<Add option="-s" />
					<Add directory="../lib" />
				</Linker>
			</Target>
			<Target title="DebugStatic64">
				<Option output="../lib/ImageLite64d_static" prefix_auto="1" extension_auto="1" />
				<Option working_dir="" />
				<Option object_output="../lib/obj/Debug/64/dll/" />
				<Option type="2" />
				<Option compiler="gcc" />
				<Option createDefFile="1" />
				<Compiler>
					<Add option="-g" />
					<Add option="-D_DEBUG" />
				</Compiler>
				<Linker>
					<Add directory="../lib" />
				</Linker>
			</Target>
			<Target title="ReleaseStatic64">
				<Option output="../lib/ImageLite64_static" prefix_auto="1" extension_auto="1" />
				<Option working_dir="" />
				<Option object_output="../lib/obj/Release/64/dll/" />
				<Option type="2" />
				<Option compiler="gcc" />
				<Option createDefFile="1" />
				<Compiler>
					<Add option="-Ofast" />
					<Add option="-ffunction-sections" />
					<Add option="-Wl,--strip-all" />
					<Add option="-D_RELEASE" />
				</Compiler>
				<Linker>
					<Add option="-s" />
					<Add directory="../lib" />
				</Linker>
			</Target>
		</Build>
		<VirtualTargets>
			<Add alias="All64" targets="DebugDll64;ReleaseDll64;DebugStatic64;ReleaseStatic64;" />
			<Add alias="Debug64" targets="DebugDll64;DebugStatic64;" />
			<Add alias="Release64" targets="ReleaseDll64;ReleaseStatic64;" />
		</VirtualTargets>
		<Compiler>
			<Add option="-m64" />
			<Add option="-std=c++17" />
			<Add option="-fexceptions" />
			<Add option="-funroll-loops" />
			<Add option="-fopenmp" />
			<Add option="-Wall" />
			<Add option="-Wextra" />
			<Add option="-Wno-unknown-pragmas" />
			<Add option="-pedantic" />
			<Add option="-D_BUILD_AVX2=1" />
			<Add option="-D_BUILD_DLL=1" />
			<Add directory="../../../__LIB__/64/CUDA/include" />
			<Add directory="../../../__LIB__/64/CUDA/common/inc" />
			<Add directory="./" />
			<Add directory="MJpeg" />
			<Add directory="Helper" />
			<Add directory="extern" />
		</Compiler>
		<Linker>
			<Add option="-lgomp" />
			<Add option="-lnvjpegp" />
		</Linker>
		<Unit filename="Helper/HelperIntrin.cpp" />
		<Unit filename="Helper/HelperIntrin.h" />
		<Unit filename="ImageLite.Data.h" />
		<Unit filename="ImageLite.Dll.cpp" />
		<Unit filename="ImageLite.Error.Items.h" />
		<Unit filename="ImageLite.Error.cpp" />
		<Unit filename="ImageLite.Error.h" />
		<Unit filename="ImageLite.Formater.cpp" />
		<Unit filename="ImageLite.Formater.h" />
		<Unit filename="ImageLite.Formater.icompare.avx2.cpp">
			<Option compiler="gcc" use="1" buildCommand="$compiler -mavx2 -march=native $options $includes -c $file -o $object" />
		</Unit>
		<Unit filename="ImageLite.Formater.icompare.cpp" />
		<Unit filename="ImageLite.Formater.iconverter.cpp" />
		<Unit filename="ImageLite.Formater.iconverter.native.cpp" />
		<Unit filename="ImageLite.Formater.internal.h" />
		<Unit filename="ImageLite.Geometry.h" />
		<Unit filename="ImageLite.RGBbuffer.cpp" />
		<Unit filename="ImageLite.RGBbuffer.h" />
		<Unit filename="ImageLite.h" />
		<Unit filename="MJpeg/MJpeg.Parse.avx2.cpp">
			<Option compiler="gcc" use="1" buildCommand="$compiler -mavx2 -march=native $options $includes -c $file -o $object" />
		</Unit>
		<Unit filename="MJpeg/MJpeg.Parse.native.cpp" />
		<Unit filename="MJpeg/MJpeg.Table.h" />
		<Unit filename="MJpeg/MJpeg.cpp" />
		<Unit filename="MJpeg/MJpeg.h" />
		<Unit filename="MJpeg/NVJpegDecoder.Error.cpp" />
		<Unit filename="MJpeg/NVJpegDecoder.Error.h" />
		<Unit filename="MJpeg/NVJpegDecoder.cpp" />
		<Unit filename="MJpeg/NVJpegDecoder.h" />
		<Unit filename="MJpeg/NVJpegDecoder.imgbuffer.avx2.cpp">
			<Option compiler="gcc" use="1" buildCommand="$compiler -mavx2 -march=native $options $includes -c $file -o $object" />
		</Unit>
		<Unit filename="MJpeg/NVJpegDecoder.imgbuffer.native.cpp" />
		<Unit filename="MJpeg/NVJpegDecoder.internal.h" />
		<Unit filename="ImageLite.LuaSol3.h" />
		<Unit filename="ImageLite.LuaSol3.cpp">
			<Option compile="0" />
			<Option link="0" />
		</Unit>
		<Unit filename="extern/lodepng.cpp" />
		<Unit filename="extern/lodepng.h" />
		<Unit filename="extern/toojpeg.cpp" />
		<Unit filename="extern/toojpeg.h" />
		<Extensions>
			<code_completion />
			<envvars />
			<debugger />
		</Extensions>
	</Project>
</CodeBlocks_project_file>
